
Microsoft Visual Studio Solution File, Format Version 12.00
# Visual Studio Version 16
VisualStudioVersion = 16.0.30611.23
MinimumVisualStudioVersion = 10.0.40219.1
Project("{FAE04EC0-301F-11D3-BF4B-00C04F79EFBC}") = "Inveon.Entities", "Inveon.Entities\Inveon.Entities.csproj", "{0E8BEC15-13D0-4183-97CC-FFB928EE6091}"
EndProject
Project("{FAE04EC0-301F-11D3-BF4B-00C04F79EFBC}") = "Inveon.DataAccess", "Inveon.DataAccess\Inveon.DataAccess.csproj", "{77C6DF25-5CF3-4190-96ED-B55BBCA40545}"
EndProject
Project("{FAE04EC0-301F-11D3-BF4B-00C04F79EFBC}") = "Inveon.Services", "Inveon.Services\Inveon.Services.csproj", "{BA1BA557-71DD-42ED-B72A-914E130F1F06}"
EndProject
Project("{FAE04EC0-301F-11D3-BF4B-00C04F79EFBC}") = "Inveon.WebUI", "Inveon.WebUI\Inveon.WebUI.csproj", "{1A4087A6-E06E-4CAA-A95E-3ACCF3B2CD79}"
EndProject
Project("{FAE04EC0-301F-11D3-BF4B-00C04F79EFBC}") = "Inveon.Core", "Inveon.Core\Inveon.Core.csproj", "{D319A831-150F-4CA7-B77B-5333139CD904}"
EndProject
Global
	GlobalSection(SolutionConfigurationPlatforms) = preSolution
		Debug|Any CPU = Debug|Any CPU
		Release|Any CPU = Release|Any CPU
	EndGlobalSection
	GlobalSection(ProjectConfigurationPlatforms) = postSolution
		{0E8BEC15-13D0-4183-97CC-FFB928EE6091}.Debug|Any CPU.ActiveCfg = Debug|Any CPU
		{0E8BEC15-13D0-4183-97CC-FFB928EE6091}.Debug|Any CPU.Build.0 = Debug|Any CPU
		{0E8BEC15-13D0-4183-97CC-FFB928EE6091}.Release|Any CPU.ActiveCfg = Release|Any CPU
		{0E8BEC15-13D0-4183-97CC-FFB928EE6091}.Release|Any CPU.Build.0 = Release|Any CPU
		{77C6DF25-5CF3-4190-96ED-B55BBCA40545}.Debug|Any CPU.ActiveCfg = Debug|Any CPU
		{77C6DF25-5CF3-4190-96ED-B55BBCA40545}.Debug|Any CPU.Build.0 = Debug|Any CPU
		{77C6DF25-5CF3-4190-96ED-B55BBCA40545}.Release|Any CPU.ActiveCfg = Release|Any CPU
		{77C6DF25-5CF3-4190-96ED-B55BBCA40545}.Release|Any CPU.Build.0 = Release|Any CPU
		{BA1BA557-71DD-42ED-B72A-914E130F1F06}.Debug|Any CPU.ActiveCfg = Debug|Any CPU
		{BA1BA557-71DD-42ED-B72A-914E130F1F06}.Debug|Any CPU.Build.0 = Debug|Any CPU
		{BA1BA557-71DD-42ED-B72A-914E130F1F06}.Release|Any CPU.ActiveCfg = Release|Any CPU
		{BA1BA557-71DD-42ED-B72A-914E130F1F06}.Release|Any CPU.Build.0 = Release|Any CPU
		{1A4087A6-E06E-4CAA-A95E-3ACCF3B2CD79}.Debug|Any CPU.ActiveCfg = Debug|Any CPU
		{1A4087A6-E06E-4CAA-A95E-3ACCF3B2CD79}.Debug|Any CPU.Build.0 = Debug|Any CPU
		{1A4087A6-E06E-4CAA-A95E-3ACCF3B2CD79}.Release|Any CPU.ActiveCfg = Release|Any CPU
		{1A4087A6-E06E-4CAA-A95E-3ACCF3B2CD79}.Release|Any CPU.Build.0 = Release|Any CPU
		{D319A831-150F-4CA7-B77B-5333139CD904}.Debug|Any CPU.ActiveCfg = Debug|Any CPU
		{D319A831-150F-4CA7-B77B-5333139CD904}.Debug|Any CPU.Build.0 = Debug|Any CPU
		{D319A831-150F-4CA7-B77B-5333139CD904}.Release|Any CPU.ActiveCfg = Release|Any CPU
		{D319A831-150F-4CA7-B77B-5333139CD904}.Release|Any CPU.Build.0 = Release|Any CPU
	EndGlobalSection
	GlobalSection(SolutionProperties) = preSolution
		HideSolutionNode = FALSE
	EndGlobalSection
	GlobalSection(ExtensibilityGlobals) = postSolution
		SolutionGuid = {C3F3B489-EE01-4EC3-9F6D-4BD28C655FDF}
	EndGlobalSection
EndGlobal
